Microsoft Visual Studio Solution File, Format Version 10.00
# Visual Studio 2008

Project("{6D23FB53-5EA2-B467-C8FD-950F7DF0D624}") = "bcfads-sample", "Assembly-CSharp-firstpass-vs.csproj", "{8CBB6A94-6F3A-B1E3-7353-962C01D4EA0B}"
EndProject
Project("{6D23FB53-5EA2-B467-C8FD-950F7DF0D624}") = "bcfads-sample", "Assembly-CSharp-vs.csproj", "{038D4EDE-0820-95F8-3520-6CE52033B2C0}"
EndProject
Global
	GlobalSection(SolutionConfigurationPlatforms) = preSolution
		Debug|Any CPU = Debug|Any CPU
		Release|Any CPU = Release|Any CPU
	EndGlobalSection
	GlobalSection(ProjectConfigurationPlatforms) = postSolution
		{8CBB6A94-6F3A-B1E3-7353-962C01D4EA0B}.Debug|Any CPU.ActiveCfg = Debug|Any CPU
		{8CBB6A94-6F3A-B1E3-7353-962C01D4EA0B}.Debug|Any CPU.Build.0 = Debug|Any CPU
		{8CBB6A94-6F3A-B1E3-7353-962C01D4EA0B}.Release|Any CPU.ActiveCfg = Release|Any CPU
		{8CBB6A94-6F3A-B1E3-7353-962C01D4EA0B}.Release|Any CPU.Build.0 = Release|Any CPU
		{038D4EDE-0820-95F8-3520-6CE52033B2C0}.Debug|Any CPU.ActiveCfg = Debug|Any CPU
		{038D4EDE-0820-95F8-3520-6CE52033B2C0}.Debug|Any CPU.Build.0 = Debug|Any CPU
		{038D4EDE-0820-95F8-3520-6CE52033B2C0}.Release|Any CPU.ActiveCfg = Release|Any CPU
		{038D4EDE-0820-95F8-3520-6CE52033B2C0}.Release|Any CPU.Build.0 = Release|Any CPU
	EndGlobalSection
	GlobalSection(SolutionProperties) = preSolution
		HideSolutionNode = FALSE
	EndGlobalSection
	
EndGlobal
